// !$*UTF8*$!
{
	archiveVersion = 1;
	classes = {
	};
	objectVersion = 46;
	objects = {

/* Begin PBXBuildFile section */
		0477E3D51F8B37C10010C353 /* Child1VC.swift in Sources */ = {isa = PBXBuildFile; fileRef = 0477E3D41F8B37C10010C353 /* Child1VC.swift */; };
		0477E3D71F8B37E10010C353 /* Child2VC.swift in Sources */ = {isa = PBXBuildFile; fileRef = 0477E3D61F8B37E10010C353 /* Child2VC.swift */; };
		04D725D11F8A364A007FA475 /* AppDelegate.swift in Sources */ = {isa = PBXBuildFile; fileRef = 04D725D01F8A364A007FA475 /* AppDelegate.swift */; };
		04D725D61F8A364A007FA475 /* Main.storyboard in Resources */ = {isa = PBXBuildFile; fileRef = 04D725D41F8A364A007FA475 /* Main.storyboard */; };
		04D725D81F8A364A007FA475 /* Assets.xcassets in Resources */ = {isa = PBXBuildFile; fileRef = 04D725D71F8A364A007FA475 /* Assets.xcassets */; };
		04D725DB1F8A364A007FA475 /* LaunchScreen.storyboard in Resources */ = {isa = PBXBuildFile; fileRef = 04D725D91F8A364A007FA475 /* LaunchScreen.storyboard */; };
		04D725E51F8A3D6C007FA475 /* ParentViewController.swift in Sources */ = {isa = PBXBuildFile; fileRef = 04D725E41F8A3D6C007FA475 /* ParentViewController.swift */; };
		141B4FC177F92BE6CEEB982D /* Pods_xltabview.framework in Frameworks */ = {isa = PBXBuildFile; fileRef = D77A7A3EAC04475E47C85219 /* Pods_xltabview.framework */; };
/* End PBXBuildFile section */

/* Begin PBXFileReference section */
		0477E3D41F8B37C10010C353 /* Child1VC.swift */ = {isa = PBXFileReference; fileEncoding = 4; lastKnownFileType = sourcecode.swift; path = Child1VC.swift; sourceTree = "<group>"; };
		0477E3D61F8B37E10010C353 /* Child2VC.swift */ = {isa = PBXFileReference; fileEncoding = 4; lastKnownFileType = sourcecode.swift; path = Child2VC.swift; sourceTree = "<group>"; };
		04D725CD1F8A364A007FA475 /* xltabview.app */ = {isa = PBXFileReference; explicitFileType = wrapper.application; includeInIndex = 0; path = xltabview.app; sourceTree = BUILT_PRODUCTS_DIR; };
		04D725D01F8A364A007FA475 /* AppDelegate.swift */ = {isa = PBXFileReference; lastKnownFileType = sourcecode.swift; path = AppDelegate.swift; sourceTree = "<group>"; };
		04D725D51F8A364A007FA475 /* Base */ = {isa = PBXFileReference; lastKnownFileType = file.storyboard; name = Base; path = Base.lproj/Main.storyboard; sourceTree = "<group>"; };
		04D725D71F8A364A007FA475 /* Assets.xcassets */ = {isa = PBXFileReference; lastKnownFileType = folder.assetcatalog; path = Assets.xcassets; sourceTree = "<group>"; };
		04D725DA1F8A364A007FA475 /* Base */ = {isa = PBXFileReference; lastKnownFileType = file.storyboard; name = Base; path = Base.lproj/LaunchScreen.storyboard; sourceTree = "<group>"; };
		04D725DC1F8A364A007FA475 /* Info.plist */ = {isa = PBXFileReference; lastKnownFileType = text.plist.xml; path = Info.plist; sourceTree = "<group>"; };
		04D725E41F8A3D6C007FA475 /* ParentViewController.swift */ = {isa = PBXFileReference; fileEncoding = 4; lastKnownFileType = sourcecode.swift; path = ParentViewController.swift; sourceTree = "<group>"; };
		11BCB9B299C9C3D1D054B060 /* Pods-xltabview.debug.xcconfig */ = {isa = PBXFileReference; includeInIndex = 1; lastKnownFileType = text.xcconfig; name = "Pods-xltabview.debug.xcconfig"; path = "Pods/Target Support Files/Pods-xltabview/Pods-xltabview.debug.xcconfig"; sourceTree = "<group>"; };
		D77A7A3EAC04475E47C85219 /* Pods_xltabview.framework */ = {isa = PBXFileReference; explicitFileType = wrapper.framework; includeInIndex = 0; path = Pods_xltabview.framework; sourceTree = BUILT_PRODUCTS_DIR; };
		E7A818714AE2409FE83D60EE /* Pods-xltabview.release.xcconfig */ = {isa = PBXFileReference; includeInIndex = 1; lastKnownFileType = text.xcconfig; name = "Pods-xltabview.release.xcconfig"; path = "Pods/Target Support Files/Pods-xltabview/Pods-xltabview.release.xcconfig"; sourceTree = "<group>"; };
/* End PBXFileReference section */

/* Begin PBXFrameworksBuildPhase section */
		04D725CA1F8A364A007FA475 /* Frameworks */ = {
			isa = PBXFrameworksBuildPhase;
			buildActionMask = 2147483647;
			files = (
				141B4FC177F92BE6CEEB982D /* Pods_xltabview.framework in Frameworks */,
			);
			runOnlyForDeploymentPostprocessing = 0;
		};
/* End PBXFrameworksBuildPhase section */

/* Begin PBXGroup section */
		04D725C41F8A364A007FA475 = {
			isa = PBXGroup;
			children = (
				04D725CF1F8A364A007FA475 /* xltabview */,
				04D725CE1F8A364A007FA475 /* Products */,
				F5BFD7A1F95097D9F89DC752 /* Pods */,
				74AF9BD8D051F5EFD5B22C0D /* Frameworks */,
			);
			sourceTree = "<group>";
		};
		04D725CE1F8A364A007FA475 /* Products */ = {
			isa = PBXGroup;
			children = (
				04D725CD1F8A364A007FA475 /* xltabview.app */,
			);
			name = Products;
			sourceTree = "<group>";
		};
		04D725CF1F8A364A007FA475 /* xltabview */ = {
			isa = PBXGroup;
			children = (
				04D725D01F8A364A007FA475 /* AppDelegate.swift */,
				04D725D41F8A364A007FA475 /* Main.storyboard */,
				04D725D71F8A364A007FA475 /* Assets.xcassets */,
				04D725D91F8A364A007FA475 /* LaunchScreen.storyboard */,
				04D725DC1F8A364A007FA475 /* Info.plist */,
				04D725E41F8A3D6C007FA475 /* ParentViewController.swift */,
				0477E3D41F8B37C10010C353 /* Child1VC.swift */,
				0477E3D61F8B37E10010C353 /* Child2VC.swift */,
			);
			path = xltabview;
			sourceTree = "<group>";
		};
		74AF9BD8D051F5EFD5B22C0D /* Frameworks */ = {
			isa = PBXGroup;
			children = (
				D77A7A3EAC04475E47C85219 /* Pods_xltabview.framework */,
			);
			name = Frameworks;
			sourceTree = "<group>";
		};
		F5BFD7A1F95097D9F89DC752 /* Pods */ = {
			isa = PBXGroup;
			children = (
				11BCB9B299C9C3D1D054B060 /* Pods-xltabview.debug.xcconfig */,
				E7A818714AE2409FE83D60EE /* Pods-xltabview.release.xcconfig */,
			);
			name = Pods;
			sourceTree = "<group>";
		};
/* End PBXGroup section */

/* Begin PBXNativeTarget section */
		04D725CC1F8A364A007FA475 /* xltabview */ = {
			isa = PBXNativeTarget;
			buildConfigurationList = 04D725DF1F8A364A007FA475 /* Build configuration list for PBXNativeTarget "xltabview" */;
			buildPhases = (
				9BC94696D1104825850E88DE /* [CP] Check Pods Manifest.lock */,
				04D725C91F8A364A007FA475 /* Sources */,
				04D725CA1F8A364A007FA475 /* Frameworks */,
				04D725CB1F8A364A007FA475 /* Resources */,
				0E779B9AB75099D9F3D19D84 /* [CP] Embed Pods Frameworks */,
				BE65EB5801334C52C5F2CEC4 /* [CP] Copy Pods Resources */,
			);
			buildRules = (
			);
			dependencies = (
			);
			name = xltabview;
			productName = xltabview;
			productReference = 04D725CD1F8A364A007FA475 /* xltabview.app */;
			productType = "com.apple.product-type.application";
		};
/* End PBXNativeTarget section */

/* Begin PBXProject section */
		04D725C51F8A364A007FA475 /* Project object */ = {
			isa = PBXProject;
			attributes = {
				LastSwiftUpdateCheck = 0830;
				LastUpgradeCheck = 0830;
				ORGANIZATIONNAME = zlesa;
				TargetAttributes = {
					04D725CC1F8A364A007FA475 = {
						CreatedOnToolsVersion = 8.3.3;
						ProvisioningStyle = Automatic;
					};
				};
			};
			buildConfigurationList = 04D725C81F8A364A007FA475 /* Build configuration list for PBXProject "xltabview" */;
			compatibilityVersion = "Xcode 3.2";
			developmentRegion = English;
			hasScannedForEncodings = 0;
			knownRegions = (
				en,
				Base,
			);
			mainGroup = 04D725C41F8A364A007FA475;
			productRefGroup = 04D725CE1F8A364A007FA475 /* Products */;
			projectDirPath = "";
			projectRoot = "";
			targets = (
				04D725CC1F8A364A007FA475 /* xltabview */,
			);
		};
/* End PBXProject section */

/* Begin PBXResourcesBuildPhase section */
		04D725CB1F8A364A007FA475 /* Resources */ = {
			isa = PBXResourcesBuildPhase;
			buildActionMask = 2147483647;
			files = (
				04D725DB1F8A364A007FA475 /* LaunchScreen.storyboard in Resources */,
				04D725D81F8A364A007FA475 /* Assets.xcassets in Resources */,
				04D725D61F8A364A007FA475 /* Main.storyboard in Resources */,
			);
			runOnlyForDeploymentPostprocessing = 0;
		};
/* End PBXResourcesBuildPhase section */

/* Begin PBXShellScriptBuildPhase section */
		0E779B9AB75099D9F3D19D84 /* [CP] Embed Pods Frameworks */ = {
			isa = PBXShellScriptBuildPhase;
			buildActionMask = 2147483647;
			files = (
			);
			inputPaths = (
			);
			name = "[CP] Embed Pods Frameworks";
			outputPaths = (
			);
			runOnlyForDeploymentPostprocessing = 0;
			shellPath = /bin/sh;
			shellScript = "\"${SRCROOT}/Pods/Target Support Files/Pods-xltabview/Pods-xltabview-frameworks.sh\"\n";
			showEnvVarsInLog = 0;
		};
		9BC94696D1104825850E88DE /* [CP] Check Pods Manifest.lock */ = {
			isa = PBXShellScriptBuildPhase;
			buildActionMask = 2147483647;
			files = (
			);
			inputPaths = (
			);
			name = "[CP] Check Pods Manifest.lock";
			outputPaths = (
			);
			runOnlyForDeploymentPostprocessing = 0;
			shellPath = /bin/sh;
			shellScript = "diff \"${PODS_PODFILE_DIR_PATH}/Podfile.lock\" \"${PODS_ROOT}/Manifest.lock\" > /dev/null\nif [ $? != 0 ] ; then\n    # print error to STDERR\n    echo \"error: The sandbox is not in sync with the Podfile.lock. Run 'pod install' or update your CocoaPods installation.\" >&2\n    exit 1\nfi\n";
			showEnvVarsInLog = 0;
		};
		BE65EB5801334C52C5F2CEC4 /* [CP] Copy Pods Resources */ = {
			isa = PBXShellScriptBuildPhase;
			buildActionMask = 2147483647;
			files = (
			);
			inputPaths = (
			);
			name = "[CP] Copy Pods Resources";
			outputPaths = (
			);
			runOnlyForDeploymentPostprocessing = 0;
			shellPath = /bin/sh;
			shellScript = "\"${SRCROOT}/Pods/Target Support Files/Pods-xltabview/Pods-xltabview-resources.sh\"\n";
			showEnvVarsInLog = 0;
		};
/* End PBXShellScriptBuildPhase section */

/* Begin PBXSourcesBuildPhase section */
		04D725C91F8A364A007FA475 /* Sources */ = {
			isa = PBXSourcesBuildPhase;
			buildActionMask = 2147483647;
			files = (
				0477E3D71F8B37E10010C353 /* Child2VC.swift in Sources */,
				04D725E51F8A3D6C007FA475 /* ParentViewController.swift in Sources */,
				04D725D11F8A364A007FA475 /* AppDelegate.swift in Sources */,
				0477E3D51F8B37C10010C353 /* Child1VC.swift in Sources */,
			);
			runOnlyForDeploymentPostprocessing = 0;
		};
/* End PBXSourcesBuildPhase section */

/* Begin PBXVariantGroup section */
		04D725D41F8A364A007FA475 /* Main.storyboard */ = {
			isa = PBXVariantGroup;
			children = (
				04D725D51F8A364A007FA475 /* Base */,
			);
			name = Main.storyboard;
			sourceTree = "<group>";
		};
		04D725D91F8A364A007FA475 /* LaunchScreen.storyboard */ = {
			isa = PBXVariantGroup;
			children = (
				04D725DA1F8A364A007FA475 /* Base */,
			);
			name = LaunchScreen.storyboard;
			sourceTree = "<group>";
		};
/* End PBXVariantGroup section */

/* Begin XCBuildConfiguration section */
		04D725DD1F8A364A007FA475 /* Debug */ = {
			isa = XCBuildConfiguration;
			buildSettings = {
				ALWAYS_SEARCH_USER_PATHS = NO;
				CLANG_ANALYZER_NONNULL = YES;
				CLANG_ANALYZER_NUMBER_OBJECT_CONVERSION = YES_AGGRESSIVE;
				CLANG_CXX_LANGUAGE_STANDARD = "gnu++0x";
				CLANG_CXX_LIBRARY = "libc++";
				CLANG_ENABLE_MODULES = YES;
				CLANG_ENABLE_OBJC_ARC = YES;
				CLANG_WARN_BOOL_CONVERSION = YES;
				CLANG_WARN_CONSTANT_CONVERSION = YES;
				CLANG_WARN_DIRECT_OBJC_ISA_USAGE = YES_ERROR;
				CLANG_WARN_DOCUMENTATION_COMMENTS = YES;
				CLANG_WARN_EMPTY_BODY = YES;
				CLANG_WARN_ENUM_CONVERSION = YES;
				CLANG_WARN_INFINITE_RECURSION = YES;
				CLANG_WARN_INT_CONVERSION = YES;
				CLANG_WARN_OBJC_ROOT_CLASS = YES_ERROR;
				CLANG_WARN_SUSPICIOUS_MOVE = YES;
				CLANG_WARN_UNREACHABLE_CODE = YES;
				CLANG_WARN__DUPLICATE_METHOD_MATCH = YES;
				"CODE_SIGN_IDENTITY[sdk=iphoneos*]" = "iPhone Developer";
				COPY_PHASE_STRIP = NO;
				DEBUG_INFORMATION_FORMAT = dwarf;
				ENABLE_STRICT_OBJC_MSGSEND = YES;
				ENABLE_TESTABILITY = YES;
				GCC_C_LANGUAGE_STANDARD = gnu99;
				GCC_DYNAMIC_NO_PIC = NO;
				GCC_NO_COMMON_BLOCKS = YES;
				GCC_OPTIMIZATION_LEVEL = 0;
				GCC_PREPROCESSOR_DEFINITIONS = (
					"DEBUG=1",
					"$(inherited)",
				);
				GCC_WARN_64_TO_32_BIT_CONVERSION = YES;
				GCC_WARN_ABOUT_RETURN_TYPE = YES_ERROR;
				GCC_WARN_UNDECLARED_SELECTOR = YES;
				GCC_WARN_UNINITIALIZED_AUTOS = YES_AGGRESSIVE;
				GCC_WARN_UNUSED_FUNCTION = YES;
				GCC_WARN_UNUSED_VARIABLE = YES;
				IPHONEOS_DEPLOYMENT_TARGET = 10.3;
				MTL_ENABLE_DEBUG_INFO = YES;
				ONLY_ACTIVE_ARCH = YES;
				SDKROOT = iphoneos;
				SWIFT_ACTIVE_COMPILATION_CONDITIONS = DEBUG;
				SWIFT_OPTIMIZATION_LEVEL = "-Onone";
				TARGETED_DEVICE_FAMILY = "1,2";
			};
			name = Debug;
		};
		04D725DE1F8A364A007FA475 /* Release */ = {
			isa = XCBuildConfiguration;
			buildSettings = {
				ALWAYS_SEARCH_USER_PATHS = NO;
				CLANG_ANALYZER_NONNULL = YES;
				CLANG_ANALYZER_NUMBER_OBJECT_CONVERSION = YES_AGGRESSIVE;
				CLANG_CXX_LANGUAGE_STANDARD = "gnu++0x";
				CLANG_CXX_LIBRARY = "libc++";
				CLANG_ENABLE_MODULES = YES;
				CLANG_ENABLE_OBJC_ARC = YES;
				CLANG_WARN_BOOL_CONVERSION = YES;
				CLANG_WARN_CONSTANT_CONVERSION = YES;
				CLANG_WARN_DIRECT_OBJC_ISA_USAGE = YES_ERROR;
				CLANG_WARN_DOCUMENTATION_COMMENTS = YES;
				CLANG_WARN_EMPTY_BODY = YES;
				CLANG_WARN_ENUM_CONVERSION = YES;
				CLANG_WARN_INFINITE_RECURSION = YES;
				CLANG_WARN_INT_CONVERSION = YES;
				CLANG_WARN_OBJC_ROOT_CLASS = YES_ERROR;
				CLANG_WARN_SUSPICIOUS_MOVE = YES;
				CLANG_WARN_UNREACHABLE_CODE = YES;
				CLANG_WARN__DUPLICATE_METHOD_MATCH = YES;
				"CODE_SIGN_IDENTITY[sdk=iphoneos*]" = "iPhone Developer";
				COPY_PHASE_STRIP = NO;
				DEBUG_INFORMATION_FORMAT = "dwarf-with-dsym";
				ENABLE_NS_ASSERTIONS = NO;
				ENABLE_STRICT_OBJC_MSGSEND = YES;
				GCC_C_LANGUAGE_STANDARD = gnu99;
				GCC_NO_COMMON_BLOCKS = YES;
				GCC_WARN_64_TO_32_BIT_CONVERSION = YES;
				GCC_WARN_ABOUT_RETURN_TYPE = YES_ERROR;
				GCC_WARN_UNDECLARED_SELECTOR = YES;
				GCC_WARN_UNINITIALIZED_AUTOS = YES_AGGRESSIVE;
				GCC_WARN_UNUSED_FUNCTION = YES;
				GCC_WARN_UNUSED_VARIABLE = YES;
				IPHONEOS_DEPLOYMENT_TARGET = 10.3;
				MTL_ENABLE_DEBUG_INFO = NO;
				SDKROOT = iphoneos;
				SWIFT_OPTIMIZATION_LEVEL = "-Owholemodule";
				TARGETED_DEVICE_FAMILY = "1,2";
				VALIDATE_PRODUCT = YES;
			};
			name = Release;
		};
		04D725E01F8A364A007FA475 /* Debug */ = {
			isa = XCBuildConfiguration;
			baseConfigurationReference = 11BCB9B299C9C3D1D054B060 /* Pods-xltabview.debug.xcconfig */;
			buildSettings = {
				ASSETCATALOG_COMPILER_APPICON_NAME = AppIcon;
				INFOPLIST_FILE = xltabview/Info.plist;
				LD_RUNPATH_SEARCH_PATHS = "$(inherited) @executable_path/Frameworks";
				PRODUCT_BUNDLE_IDENTIFIER = ace.xltabview;
				PRODUCT_NAME = "$(TARGET_NAME)";
				SWIFT_VERSION = 3.0;
			};
			name = Debug;
		};
		04D725E11F8A364A007FA475 /* Release */ = {
			isa = XCBuildConfiguration;
			baseConfigurationReference = E7A818714AE2409FE83D60EE /* Pods-xltabview.release.xcconfig */;
			buildSettings = {
				ASSETCATALOG_COMPILER_APPICON_NAME = AppIcon;
				INFOPLIST_FILE = xltabview/Info.plist;
				LD_RUNPATH_SEARCH_PATHS = "$(inherited) @executable_path/Frameworks";
				PRODUCT_BUNDLE_IDENTIFIER = ace.xltabview;
				PRODUCT_NAME = "$(TARGET_NAME)";
				SWIFT_VERSION = 3.0;
			};
			name = Release;
		};
/* End XCBuildConfiguration section */

/* Begin XCConfigurationList section */
		04D725C81F8A364A007FA475 /* Build configuration list for PBXProject "xltabview" */ = {
			isa = XCConfigurationList;
			buildConfigurations = (
				04D725DD1F8A364A007FA475 /* Debug */,
				04D725DE1F8A364A007FA475 /* Release */,
			);
			defaultConfigurationIsVisible = 0;
			defaultConfigurationName = Release;
		};
		04D725DF1F8A364A007FA475 /* Build configuration list for PBXNativeTarget "xltabview" */ = {
			isa = XCConfigurationList;
			buildConfigurations = (
				04D725E01F8A364A007FA475 /* Debug */,
				04D725E11F8A364A007FA475 /* Release */,
			);
			defaultConfigurationIsVisible = 0;
			defaultConfigurationName = Release;
		};
/* End XCConfigurationList section */
	};
	rootObject = 04D725C51F8A364A007FA475 /* Project object */;
}
