// !$*UTF8*$!
{
	archiveVersion = 1;
	classes = {
	};
	objectVersion = 46;
	objects = {

/* Begin PBXBuildFile section */
		04D725D11F8A364A007FA475 /* AppDelegate.swift in Sources */ = {isa = PBXBuildFile; fileRef = 04D725D01F8A364A007FA475 /* AppDelegate.swift */; };
		04D725D31F8A364A007FA475 /* ViewController.swift in Sources */ = {isa = PBXBuildFile; fileRef = 04D725D21F8A364A007FA475 /* ViewController.swift */; };
		04D725D61F8A364A007FA475 /* Main.storyboard in Resources */ = {isa = PBXBuildFile; fileRef = 04D725D41F8A364A007FA475 /* Main.storyboard */; };
		04D725D81F8A364A007FA475 /* Assets.xcassets in Resources */ = {isa = PBXBuildFile; fileRef = 04D725D71F8A364A007FA475 /* Assets.xcassets */; };
		04D725DB1F8A364A007FA475 /* LaunchScreen.storyboard in Resources */ = {isa = PBXBuildFile; fileRef = 04D725D91F8A364A007FA475 /* LaunchScreen.storyboard */; };
/* End PBXBuildFile section */

/* Begin PBXFileReference section */
		04D725CD1F8A364A007FA475 /* xltabview.app */ = {isa = PBXFileReference; explicitFileType = wrapper.application; includeInIndex = 0; path = xltabview.app; sourceTree = BUILT_PRODUCTS_DIR; };
		04D725D01F8A364A007FA475 /* AppDelegate.swift */ = {isa = PBXFileReference; lastKnownFileType = sourcecode.swift; path = AppDelegate.swift; sourceTree = "<group>"; };
		04D725D21F8A364A007FA475 /* ViewController.swift */ = {isa = PBXFileReference; lastKnownFileType = sourcecode.swift; path = ViewController.swift; sourceTree = "<group>"; };
		04D725D51F8A364A007FA475 /* Base */ = {isa = PBXFileReference; lastKnownFileType = file.storyboard; name = Base; path = Base.lproj/Main.storyboard; sourceTree = "<group>"; };
		04D725D71F8A364A007FA475 /* Assets.xcassets */ = {isa = PBXFileReference; lastKnownFileType = folder.assetcatalog; path = Assets.xcassets; sourceTree = "<group>"; };
		04D725DA1F8A364A007FA475 /* Base */ = {isa = PBXFileReference; lastKnownFileType = file.storyboard; name = Base; path = Base.lproj/LaunchScreen.storyboard; sourceTree = "<group>"; };
		04D725DC1F8A364A007FA475 /* Info.plist */ = {isa = PBXFileReference; lastKnownFileType = text.plist.xml; path = Info.plist; sourceTree = "<group>"; };
/* End PBXFileReference section */

/* Begin PBXFrameworksBuildPhase section */
		04D725CA1F8A364A007FA475 /* Frameworks */ = {
			isa = PBXFrameworksBuildPhase;
			buildActionMask = 2147483647;
			files = (
			);
			runOnlyForDeploymentPostprocessing = 0;
		};
/* End PBXFrameworksBuildPhase section */

/* Begin PBXGroup section */
		04D725C41F8A364A007FA475 = {
			isa = PBXGroup;
			children = (
				04D725CF1F8A364A007FA475 /* xltabview */,
				04D725CE1F8A364A007FA475 /* Products */,
			);
			sourceTree = "<group>";
		};
		04D725CE1F8A364A007FA475 /* Products */ = {
			isa = PBXGroup;
			children = (
				04D725CD1F8A364A007FA475 /* xltabview.app */,
			);
			name = Products;
			sourceTree = "<group>";
		};
		04D725CF1F8A364A007FA475 /* xltabview */ = {
			isa = PBXGroup;
			children = (
				04D725D01F8A364A007FA475 /* AppDelegate.swift */,
				04D725D21F8A364A007FA475 /* ViewController.swift */,
				04D725D41F8A364A007FA475 /* Main.storyboard */,
				04D725D71F8A364A007FA475 /* Assets.xcassets */,
				04D725D91F8A364A007FA475 /* LaunchScreen.storyboard */,
				04D725DC1F8A364A007FA475 /* Info.plist */,
			);
			path = xltabview;
			sourceTree = "<group>";
		};
/* End PBXGroup section */

/* Begin PBXNativeTarget section */
		04D725CC1F8A364A007FA475 /* xltabview */ = {
			isa = PBXNativeTarget;
			buildConfigurationList = 04D725DF1F8A364A007FA475 /* Build configuration list for PBXNativeTarget "xltabview" */;
			buildPhases = (
				04D725C91F8A364A007FA475 /* Sources */,
				04D725CA1F8A364A007FA475 /* Frameworks */,
				04D725CB1F8A364A007FA475 /* Resources */,
			);
			buildRules = (
			);
			dependencies = (
			);
			name = xltabview;
			productName = xltabview;
			productReference = 04D725CD1F8A364A007FA475 /* xltabview.app */;
			productType = "com.apple.product-type.application";
		};
/* End PBXNativeTarget section */

/* Begin PBXProject section */
		04D725C51F8A364A007FA475 /* Project object */ = {
			isa = PBXProject;
			attributes = {
				LastSwiftUpdateCheck = 0830;
				LastUpgradeCheck = 0830;
				ORGANIZATIONNAME = zlesa;
				TargetAttributes = {
					04D725CC1F8A364A007FA475 = {
						CreatedOnToolsVersion = 8.3.3;
						ProvisioningStyle = Automatic;
					};
				};
			};
			buildConfigurationList = 04D725C81F8A364A007FA475 /* Build configuration list for PBXProject "xltabview" */;
			compatibilityVersion = "Xcode 3.2";
			developmentRegion = English;
			hasScannedForEncodings = 0;
			knownRegions = (
				en,
				Base,
			);
			mainGroup = 04D725C41F8A364A007FA475;
			productRefGroup = 04D725CE1F8A364A007FA475 /* Products */;
			projectDirPath = "";
			projectRoot = "";
			targets = (
				04D725CC1F8A364A007FA475 /* xltabview */,
			);
		};
/* End PBXProject section */

/* Begin PBXResourcesBuildPhase section */
		04D725CB1F8A364A007FA475 /* Resources */ = {
			isa = PBXResourcesBuildPhase;
			buildActionMask = 2147483647;
			files = (
				04D725DB1F8A364A007FA475 /* LaunchScreen.storyboard in Resources */,
				04D725D81F8A364A007FA475 /* Assets.xcassets in Resources */,
				04D725D61F8A364A007FA475 /* Main.storyboard in Resources */,
			);
			runOnlyForDeploymentPostprocessing = 0;
		};
/* End PBXResourcesBuildPhase section */

/* Begin PBXSourcesBuildPhase section */
		04D725C91F8A364A007FA475 /* Sources */ = {
			isa = PBXSourcesBuildPhase;
			buildActionMask = 2147483647;
			files = (
				04D725D31F8A364A007FA475 /* ViewController.swift in Sources */,
				04D725D11F8A364A007FA475 /* AppDelegate.swift in Sources */,
			);
			runOnlyForDeploymentPostprocessing = 0;
		};
/* End PBXSourcesBuildPhase section */

/* Begin PBXVariantGroup section */
		04D725D41F8A364A007FA475 /* Main.storyboard */ = {
			isa = PBXVariantGroup;
			children = (
				04D725D51F8A364A007FA475 /* Base */,
			);
			name = Main.storyboard;
			sourceTree = "<group>";
		};
		04D725D91F8A364A007FA475 /* LaunchScreen.storyboard */ = {
			isa = PBXVariantGroup;
			children = (
				04D725DA1F8A364A007FA475 /* Base */,
			);
			name = LaunchScreen.storyboard;
			sourceTree = "<group>";
		};
/* End PBXVariantGroup section */

/* Begin XCBuildConfiguration section */
		04D725DD1F8A364A007FA475 /* Debug */ = {
			isa = XCBuildConfiguration;
			buildSettings = {
				ALWAYS_SEARCH_USER_PATHS = NO;
				CLANG_ANALYZER_NONNULL = YES;
				CLANG_ANALYZER_NUMBER_OBJECT_CONVERSION = YES_AGGRESSIVE;
				CLANG_CXX_LANGUAGE_STANDARD = "gnu++0x";
				CLANG_CXX_LIBRARY = "libc++";
				CLANG_ENABLE_MODULES = YES;
				CLANG_ENABLE_OBJC_ARC = YES;
				CLANG_WARN_BOOL_CONVERSION = YES;
				CLANG_WARN_CONSTANT_CONVERSION = YES;
				CLANG_WARN_DIRECT_OBJC_ISA_USAGE = YES_ERROR;
				CLANG_WARN_DOCUMENTATION_COMMENTS = YES;
				CLANG_WARN_EMPTY_BODY = YES;
				CLANG_WARN_ENUM_CONVERSION = YES;
				CLANG_WARN_INFINITE_RECURSION = YES;
				CLANG_WARN_INT_CONVERSION = YES;
				CLANG_WARN_OBJC_ROOT_CLASS = YES_ERROR;
				CLANG_WARN_SUSPICIOUS_MOVE = YES;
				CLANG_WARN_UNREACHABLE_CODE = YES;
				CLANG_WARN__DUPLICATE_METHOD_MATCH = YES;
				"CODE_SIGN_IDENTITY[sdk=iphoneos*]" = "iPhone Developer";
				COPY_PHASE_STRIP = NO;
				DEBUG_INFORMATION_FORMAT = dwarf;
				ENABLE_STRICT_OBJC_MSGSEND = YES;
				ENABLE_TESTABILITY = YES;
				GCC_C_LANGUAGE_STANDARD = gnu99;
				GCC_DYNAMIC_NO_PIC = NO;
				GCC_NO_COMMON_BLOCKS = YES;
				GCC_OPTIMIZATION_LEVEL = 0;
				GCC_PREPROCESSOR_DEFINITIONS = (
					"DEBUG=1",
					"$(inherited)",
				);
				GCC_WARN_64_TO_32_BIT_CONVERSION = YES;
				GCC_WARN_ABOUT_RETURN_TYPE = YES_ERROR;
				GCC_WARN_UNDECLARED_SELECTOR = YES;
				GCC_WARN_UNINITIALIZED_AUTOS = YES_AGGRESSIVE;
				GCC_WARN_UNUSED_FUNCTION = YES;
				GCC_WARN_UNUSED_VARIABLE = YES;
				IPHONEOS_DEPLOYMENT_TARGET = 10.3;
				MTL_ENABLE_DEBUG_INFO = YES;
				ONLY_ACTIVE_ARCH = YES;
				SDKROOT = iphoneos;
				SWIFT_ACTIVE_COMPILATION_CONDITIONS = DEBUG;
				SWIFT_OPTIMIZATION_LEVEL = "-Onone";
				TARGETED_DEVICE_FAMILY = "1,2";
			};
			name = Debug;
		};
		04D725DE1F8A364A007FA475 /* Release */ = {
			isa = XCBuildConfiguration;
			buildSettings = {
				ALWAYS_SEARCH_USER_PATHS = NO;
				CLANG_ANALYZER_NONNULL = YES;
				CLANG_ANALYZER_NUMBER_OBJECT_CONVERSION = YES_AGGRESSIVE;
				CLANG_CXX_LANGUAGE_STANDARD = "gnu++0x";
				CLANG_CXX_LIBRARY = "libc++";
				CLANG_ENABLE_MODULES = YES;
				CLANG_ENABLE_OBJC_ARC = YES;
				CLANG_WARN_BOOL_CONVERSION = YES;
				CLANG_WARN_CONSTANT_CONVERSION = YES;
				CLANG_WARN_DIRECT_OBJC_ISA_USAGE = YES_ERROR;
				CLANG_WARN_DOCUMENTATION_COMMENTS = YES;
				CLANG_WARN_EMPTY_BODY = YES;
				CLANG_WARN_ENUM_CONVERSION = YES;
				CLANG_WARN_INFINITE_RECURSION = YES;
				CLANG_WARN_INT_CONVERSION = YES;
				CLANG_WARN_OBJC_ROOT_CLASS = YES_ERROR;
				CLANG_WARN_SUSPICIOUS_MOVE = YES;
				CLANG_WARN_UNREACHABLE_CODE = YES;
				CLANG_WARN__DUPLICATE_METHOD_MATCH = YES;
				"CODE_SIGN_IDENTITY[sdk=iphoneos*]" = "iPhone Developer";
				COPY_PHASE_STRIP = NO;
				DEBUG_INFORMATION_FORMAT = "dwarf-with-dsym";
				ENABLE_NS_ASSERTIONS = NO;
				ENABLE_STRICT_OBJC_MSGSEND = YES;
				GCC_C_LANGUAGE_STANDARD = gnu99;
				GCC_NO_COMMON_BLOCKS = YES;
				GCC_WARN_64_TO_32_BIT_CONVERSION = YES;
				GCC_WARN_ABOUT_RETURN_TYPE = YES_ERROR;
				GCC_WARN_UNDECLARED_SELECTOR = YES;
				GCC_WARN_UNINITIALIZED_AUTOS = YES_AGGRESSIVE;
				GCC_WARN_UNUSED_FUNCTION = YES;
				GCC_WARN_UNUSED_VARIABLE = YES;
				IPHONEOS_DEPLOYMENT_TARGET = 10.3;
				MTL_ENABLE_DEBUG_INFO = NO;
				SDKROOT = iphoneos;
				SWIFT_OPTIMIZATION_LEVEL = "-Owholemodule";
				TARGETED_DEVICE_FAMILY = "1,2";
				VALIDATE_PRODUCT = YES;
			};
			name = Release;
		};
		04D725E01F8A364A007FA475 /* Debug */ = {
			isa = XCBuildConfiguration;
			buildSettings = {
				ASSETCATALOG_COMPILER_APPICON_NAME = AppIcon;
				INFOPLIST_FILE = xltabview/Info.plist;
				LD_RUNPATH_SEARCH_PATHS = "$(inherited) @executable_path/Frameworks";
				PRODUCT_BUNDLE_IDENTIFIER = ace.xltabview;
				PRODUCT_NAME = "$(TARGET_NAME)";
				SWIFT_VERSION = 3.0;
			};
			name = Debug;
		};
		04D725E11F8A364A007FA475 /* Release */ = {
			isa = XCBuildConfiguration;
			buildSettings = {
				ASSETCATALOG_COMPILER_APPICON_NAME = AppIcon;
				INFOPLIST_FILE = xltabview/Info.plist;
				LD_RUNPATH_SEARCH_PATHS = "$(inherited) @executable_path/Frameworks";
				PRODUCT_BUNDLE_IDENTIFIER = ace.xltabview;
				PRODUCT_NAME = "$(TARGET_NAME)";
				SWIFT_VERSION = 3.0;
			};
			name = Release;
		};
/* End XCBuildConfiguration section */

/* Begin XCConfigurationList section */
		04D725C81F8A364A007FA475 /* Build configuration list for PBXProject "xltabview" */ = {
			isa = XCConfigurationList;
			buildConfigurations = (
				04D725DD1F8A364A007FA475 /* Debug */,
				04D725DE1F8A364A007FA475 /* Release */,
			);
			defaultConfigurationIsVisible = 0;
			defaultConfigurationName = Release;
		};
		04D725DF1F8A364A007FA475 /* Build configuration list for PBXNativeTarget "xltabview" */ = {
			isa = XCConfigurationList;
			buildConfigurations = (
				04D725E01F8A364A007FA475 /* Debug */,
				04D725E11F8A364A007FA475 /* Release */,
			);
			defaultConfigurationIsVisible = 0;
		};
/* End XCConfigurationList section */
	};
	rootObject = 04D725C51F8A364A007FA475 /* Project object */;
}
